// !$*UTF8*$!
{
	archiveVersion = 1;
	classes = {
	};
	objectVersion = 50;
	objects = {

/* Begin PBXBuildFile section */
		FCA440F224411A90006AE99E /* AppDelegate.swift in Sources */ = {isa = PBXBuildFile; fileRef = FCA440F124411A90006AE99E /* AppDelegate.swift */; };
		FCA440F424411A90006AE99E /* SceneDelegate.swift in Sources */ = {isa = PBXBuildFile; fileRef = FCA440F324411A90006AE99E /* SceneDelegate.swift */; };
		FCA440F624411A90006AE99E /* LoadDataViewController.swift in Sources */ = {isa = PBXBuildFile; fileRef = FCA440F524411A90006AE99E /* LoadDataViewController.swift */; };
		FCA440F924411A90006AE99E /* Main.storyboard in Resources */ = {isa = PBXBuildFile; fileRef = FCA440F724411A90006AE99E /* Main.storyboard */; };
		FCA440FB24411A94006AE99E /* Assets.xcassets in Resources */ = {isa = PBXBuildFile; fileRef = FCA440FA24411A94006AE99E /* Assets.xcassets */; };
		FCA440FE24411A94006AE99E /* LaunchScreen.storyboard in Resources */ = {isa = PBXBuildFile; fileRef = FCA440FC24411A94006AE99E /* LaunchScreen.storyboard */; };
		FCA44108244160D4006AE99E /* MovieCollectionViewCell.swift in Sources */ = {isa = PBXBuildFile; fileRef = FCA44106244160D4006AE99E /* MovieCollectionViewCell.swift */; };
		FCA44109244160D4006AE99E /* MovieCollectionViewCell.xib in Resources */ = {isa = PBXBuildFile; fileRef = FCA44107244160D4006AE99E /* MovieCollectionViewCell.xib */; };
		FCA4410B24416354006AE99E /* MoviesViewController.swift in Sources */ = {isa = PBXBuildFile; fileRef = FCA4410A24416354006AE99E /* MoviesViewController.swift */; };
		FCA4410E24425946006AE99E /* MoviesApiResponse.swift in Sources */ = {isa = PBXBuildFile; fileRef = FCA4410D24425946006AE99E /* MoviesApiResponse.swift */; };
		FCA4411024425950006AE99E /* Movie.swift in Sources */ = {isa = PBXBuildFile; fileRef = FCA4410F24425950006AE99E /* Movie.swift */; };
		FCA44113244259E1006AE99E /* MovieServiceApi.swift in Sources */ = {isa = PBXBuildFile; fileRef = FCA44112244259E1006AE99E /* MovieServiceApi.swift */; };
		FCA4411724426CF3006AE99E /* MainNavigationController.swift in Sources */ = {isa = PBXBuildFile; fileRef = FCA4411624426CF3006AE99E /* MainNavigationController.swift */; };
/* End PBXBuildFile section */

/* Begin PBXFileReference section */
		FCA440EE24411A90006AE99E /* Movies.app */ = {isa = PBXFileReference; explicitFileType = wrapper.application; includeInIndex = 0; path = Movies.app; sourceTree = BUILT_PRODUCTS_DIR; };
		FCA440F124411A90006AE99E /* AppDelegate.swift */ = {isa = PBXFileReference; lastKnownFileType = sourcecode.swift; path = AppDelegate.swift; sourceTree = "<group>"; };
		FCA440F324411A90006AE99E /* SceneDelegate.swift */ = {isa = PBXFileReference; lastKnownFileType = sourcecode.swift; path = SceneDelegate.swift; sourceTree = "<group>"; };
		FCA440F524411A90006AE99E /* LoadDataViewController.swift */ = {isa = PBXFileReference; lastKnownFileType = sourcecode.swift; path = LoadDataViewController.swift; sourceTree = "<group>"; };
		FCA440F824411A90006AE99E /* Base */ = {isa = PBXFileReference; lastKnownFileType = file.storyboard; name = Base; path = Base.lproj/Main.storyboard; sourceTree = "<group>"; };
		FCA440FA24411A94006AE99E /* Assets.xcassets */ = {isa = PBXFileReference; lastKnownFileType = folder.assetcatalog; path = Assets.xcassets; sourceTree = "<group>"; };
		FCA440FD24411A94006AE99E /* Base */ = {isa = PBXFileReference; lastKnownFileType = file.storyboard; name = Base; path = Base.lproj/LaunchScreen.storyboard; sourceTree = "<group>"; };
		FCA440FF24411A94006AE99E /* Info.plist */ = {isa = PBXFileReference; lastKnownFileType = text.plist.xml; path = Info.plist; sourceTree = "<group>"; };
		FCA44106244160D4006AE99E /* MovieCollectionViewCell.swift */ = {isa = PBXFileReference; lastKnownFileType = sourcecode.swift; path = MovieCollectionViewCell.swift; sourceTree = "<group>"; };
		FCA44107244160D4006AE99E /* MovieCollectionViewCell.xib */ = {isa = PBXFileReference; lastKnownFileType = file.xib; path = MovieCollectionViewCell.xib; sourceTree = "<group>"; };
		FCA4410A24416354006AE99E /* MoviesViewController.swift */ = {isa = PBXFileReference; lastKnownFileType = sourcecode.swift; path = MoviesViewController.swift; sourceTree = "<group>"; };
		FCA4410D24425946006AE99E /* MoviesApiResponse.swift */ = {isa = PBXFileReference; lastKnownFileType = sourcecode.swift; path = MoviesApiResponse.swift; sourceTree = "<group>"; };
		FCA4410F24425950006AE99E /* Movie.swift */ = {isa = PBXFileReference; lastKnownFileType = sourcecode.swift; path = Movie.swift; sourceTree = "<group>"; };
		FCA44112244259E1006AE99E /* MovieServiceApi.swift */ = {isa = PBXFileReference; lastKnownFileType = sourcecode.swift; path = MovieServiceApi.swift; sourceTree = "<group>"; };
		FCA4411624426CF3006AE99E /* MainNavigationController.swift */ = {isa = PBXFileReference; lastKnownFileType = sourcecode.swift; path = MainNavigationController.swift; sourceTree = "<group>"; };
/* End PBXFileReference section */

/* Begin PBXFrameworksBuildPhase section */
		FCA440EB24411A90006AE99E /* Frameworks */ = {
			isa = PBXFrameworksBuildPhase;
			buildActionMask = 2147483647;
			files = (
			);
			runOnlyForDeploymentPostprocessing = 0;
		};
/* End PBXFrameworksBuildPhase section */

/* Begin PBXGroup section */
		FCA440E524411A90006AE99E = {
			isa = PBXGroup;
			children = (
				FCA440F024411A90006AE99E /* Movies */,
				FCA440EF24411A90006AE99E /* Products */,
			);
			sourceTree = "<group>";
		};
		FCA440EF24411A90006AE99E /* Products */ = {
			isa = PBXGroup;
			children = (
				FCA440EE24411A90006AE99E /* Movies.app */,
			);
			name = Products;
			sourceTree = "<group>";
		};
		FCA440F024411A90006AE99E /* Movies */ = {
			isa = PBXGroup;
			children = (
				FCA44111244259CD006AE99E /* Services */,
				FCA4410C2442592C006AE99E /* Models */,
				FCA4410524416047006AE99E /* Movies collection view */,
				FCA440F124411A90006AE99E /* AppDelegate.swift */,
				FCA440F324411A90006AE99E /* SceneDelegate.swift */,
				FCA440F524411A90006AE99E /* LoadDataViewController.swift */,
				FCA440F724411A90006AE99E /* Main.storyboard */,
				FCA440FA24411A94006AE99E /* Assets.xcassets */,
				FCA440FC24411A94006AE99E /* LaunchScreen.storyboard */,
				FCA440FF24411A94006AE99E /* Info.plist */,
				FCA4410A24416354006AE99E /* MoviesViewController.swift */,
				FCA4411624426CF3006AE99E /* MainNavigationController.swift */,
			);
			path = Movies;
			sourceTree = "<group>";
		};
		FCA4410524416047006AE99E /* Movies collection view */ = {
			isa = PBXGroup;
			children = (
				FCA44106244160D4006AE99E /* MovieCollectionViewCell.swift */,
				FCA44107244160D4006AE99E /* MovieCollectionViewCell.xib */,
			);
			path = "Movies collection view";
			sourceTree = "<group>";
		};
		FCA4410C2442592C006AE99E /* Models */ = {
			isa = PBXGroup;
			children = (
				FCA4410D24425946006AE99E /* MoviesApiResponse.swift */,
				FCA4410F24425950006AE99E /* Movie.swift */,
			);
			path = Models;
			sourceTree = "<group>";
		};
		FCA44111244259CD006AE99E /* Services */ = {
			isa = PBXGroup;
			children = (
				FCA44112244259E1006AE99E /* MovieServiceApi.swift */,
			);
			path = Services;
			sourceTree = "<group>";
		};
/* End PBXGroup section */

/* Begin PBXNativeTarget section */
		FCA440ED24411A90006AE99E /* Movies */ = {
			isa = PBXNativeTarget;
			buildConfigurationList = FCA4410224411A94006AE99E /* Build configuration list for PBXNativeTarget "Movies" */;
			buildPhases = (
				FCA440EA24411A90006AE99E /* Sources */,
				FCA440EB24411A90006AE99E /* Frameworks */,
				FCA440EC24411A90006AE99E /* Resources */,
			);
			buildRules = (
			);
			dependencies = (
			);
			name = Movies;
			productName = Movies;
			productReference = FCA440EE24411A90006AE99E /* Movies.app */;
			productType = "com.apple.product-type.application";
		};
/* End PBXNativeTarget section */

/* Begin PBXProject section */
		FCA440E624411A90006AE99E /* Project object */ = {
			isa = PBXProject;
			attributes = {
				LastSwiftUpdateCheck = 1130;
				LastUpgradeCheck = 1130;
				ORGANIZATIONNAME = "Luis Oliva";
				TargetAttributes = {
					FCA440ED24411A90006AE99E = {
						CreatedOnToolsVersion = 11.3.1;
					};
				};
			};
			buildConfigurationList = FCA440E924411A90006AE99E /* Build configuration list for PBXProject "Movies" */;
			compatibilityVersion = "Xcode 9.3";
			developmentRegion = en;
			hasScannedForEncodings = 0;
			knownRegions = (
				en,
				Base,
			);
			mainGroup = FCA440E524411A90006AE99E;
			productRefGroup = FCA440EF24411A90006AE99E /* Products */;
			projectDirPath = "";
			projectRoot = "";
			targets = (
				FCA440ED24411A90006AE99E /* Movies */,
			);
		};
/* End PBXProject section */

/* Begin PBXResourcesBuildPhase section */
		FCA440EC24411A90006AE99E /* Resources */ = {
			isa = PBXResourcesBuildPhase;
			buildActionMask = 2147483647;
			files = (
				FCA440FE24411A94006AE99E /* LaunchScreen.storyboard in Resources */,
				FCA440FB24411A94006AE99E /* Assets.xcassets in Resources */,
				FCA440F924411A90006AE99E /* Main.storyboard in Resources */,
				FCA44109244160D4006AE99E /* MovieCollectionViewCell.xib in Resources */,
			);
			runOnlyForDeploymentPostprocessing = 0;
		};
/* End PBXResourcesBuildPhase section */

/* Begin PBXSourcesBuildPhase section */
		FCA440EA24411A90006AE99E /* Sources */ = {
			isa = PBXSourcesBuildPhase;
			buildActionMask = 2147483647;
			files = (
				FCA4411724426CF3006AE99E /* MainNavigationController.swift in Sources */,
				FCA4411024425950006AE99E /* Movie.swift in Sources */,
				FCA440F624411A90006AE99E /* LoadDataViewController.swift in Sources */,
				FCA4410B24416354006AE99E /* MoviesViewController.swift in Sources */,
				FCA44113244259E1006AE99E /* MovieServiceApi.swift in Sources */,
				FCA440F224411A90006AE99E /* AppDelegate.swift in Sources */,
				FCA440F424411A90006AE99E /* SceneDelegate.swift in Sources */,
				FCA4410E24425946006AE99E /* MoviesApiResponse.swift in Sources */,
				FCA44108244160D4006AE99E /* MovieCollectionViewCell.swift in Sources */,
			);
			runOnlyForDeploymentPostprocessing = 0;
		};
/* End PBXSourcesBuildPhase section */

/* Begin PBXVariantGroup section */
		FCA440F724411A90006AE99E /* Main.storyboard */ = {
			isa = PBXVariantGroup;
			children = (
				FCA440F824411A90006AE99E /* Base */,
			);
			name = Main.storyboard;
			sourceTree = "<group>";
		};
		FCA440FC24411A94006AE99E /* LaunchScreen.storyboard */ = {
			isa = PBXVariantGroup;
			children = (
				FCA440FD24411A94006AE99E /* Base */,
			);
			name = LaunchScreen.storyboard;
			sourceTree = "<group>";
		};
/* End PBXVariantGroup section */

/* Begin XCBuildConfiguration section */
		FCA4410024411A94006AE99E /* Debug */ = {
			isa = XCBuildConfiguration;
			buildSettings = {
				ALWAYS_SEARCH_USER_PATHS = NO;
				CLANG_ANALYZER_NONNULL = YES;
				CLANG_ANALYZER_NUMBER_OBJECT_CONVERSION = YES_AGGRESSIVE;
				CLANG_CXX_LANGUAGE_STANDARD = "gnu++14";
				CLANG_CXX_LIBRARY = "libc++";
				CLANG_ENABLE_MODULES = YES;
				CLANG_ENABLE_OBJC_ARC = YES;
				CLANG_ENABLE_OBJC_WEAK = YES;
				CLANG_WARN_BLOCK_CAPTURE_AUTORELEASING = YES;
				CLANG_WARN_BOOL_CONVERSION = YES;
				CLANG_WARN_COMMA = YES;
				CLANG_WARN_CONSTANT_CONVERSION = YES;
				CLANG_WARN_DEPRECATED_OBJC_IMPLEMENTATIONS = YES;
				CLANG_WARN_DIRECT_OBJC_ISA_USAGE = YES_ERROR;
				CLANG_WARN_DOCUMENTATION_COMMENTS = YES;
				CLANG_WARN_EMPTY_BODY = YES;
				CLANG_WARN_ENUM_CONVERSION = YES;
				CLANG_WARN_INFINITE_RECURSION = YES;
				CLANG_WARN_INT_CONVERSION = YES;
				CLANG_WARN_NON_LITERAL_NULL_CONVERSION = YES;
				CLANG_WARN_OBJC_IMPLICIT_RETAIN_SELF = YES;
				CLANG_WARN_OBJC_LITERAL_CONVERSION = YES;
				CLANG_WARN_OBJC_ROOT_CLASS = YES_ERROR;
				CLANG_WARN_RANGE_LOOP_ANALYSIS = YES;
				CLANG_WARN_STRICT_PROTOTYPES = YES;
				CLANG_WARN_SUSPICIOUS_MOVE = YES;
				CLANG_WARN_UNGUARDED_AVAILABILITY = YES_AGGRESSIVE;
				CLANG_WARN_UNREACHABLE_CODE = YES;
				CLANG_WARN__DUPLICATE_METHOD_MATCH = YES;
				COPY_PHASE_STRIP = NO;
				DEBUG_INFORMATION_FORMAT = dwarf;
				ENABLE_STRICT_OBJC_MSGSEND = YES;
				ENABLE_TESTABILITY = YES;
				GCC_C_LANGUAGE_STANDARD = gnu11;
				GCC_DYNAMIC_NO_PIC = NO;
				GCC_NO_COMMON_BLOCKS = YES;
				GCC_OPTIMIZATION_LEVEL = 0;
				GCC_PREPROCESSOR_DEFINITIONS = (
					"DEBUG=1",
					"$(inherited)",
				);
				GCC_WARN_64_TO_32_BIT_CONVERSION = YES;
				GCC_WARN_ABOUT_RETURN_TYPE = YES_ERROR;
				GCC_WARN_UNDECLARED_SELECTOR = YES;
				GCC_WARN_UNINITIALIZED_AUTOS = YES_AGGRESSIVE;
				GCC_WARN_UNUSED_FUNCTION = YES;
				GCC_WARN_UNUSED_VARIABLE = YES;
				IPHONEOS_DEPLOYMENT_TARGET = 13.2;
				MTL_ENABLE_DEBUG_INFO = INCLUDE_SOURCE;
				MTL_FAST_MATH = YES;
				ONLY_ACTIVE_ARCH = YES;
				SDKROOT = iphoneos;
				SWIFT_ACTIVE_COMPILATION_CONDITIONS = DEBUG;
				SWIFT_OPTIMIZATION_LEVEL = "-Onone";
			};
			name = Debug;
		};
		FCA4410124411A94006AE99E /* Release */ = {
			isa = XCBuildConfiguration;
			buildSettings = {
				ALWAYS_SEARCH_USER_PATHS = NO;
				CLANG_ANALYZER_NONNULL = YES;
				CLANG_ANALYZER_NUMBER_OBJECT_CONVERSION = YES_AGGRESSIVE;
				CLANG_CXX_LANGUAGE_STANDARD = "gnu++14";
				CLANG_CXX_LIBRARY = "libc++";
				CLANG_ENABLE_MODULES = YES;
				CLANG_ENABLE_OBJC_ARC = YES;
				CLANG_ENABLE_OBJC_WEAK = YES;
				CLANG_WARN_BLOCK_CAPTURE_AUTORELEASING = YES;
				CLANG_WARN_BOOL_CONVERSION = YES;
				CLANG_WARN_COMMA = YES;
				CLANG_WARN_CONSTANT_CONVERSION = YES;
				CLANG_WARN_DEPRECATED_OBJC_IMPLEMENTATIONS = YES;
				CLANG_WARN_DIRECT_OBJC_ISA_USAGE = YES_ERROR;
				CLANG_WARN_DOCUMENTATION_COMMENTS = YES;
				CLANG_WARN_EMPTY_BODY = YES;
				CLANG_WARN_ENUM_CONVERSION = YES;
				CLANG_WARN_INFINITE_RECURSION = YES;
				CLANG_WARN_INT_CONVERSION = YES;
				CLANG_WARN_NON_LITERAL_NULL_CONVERSION = YES;
				CLANG_WARN_OBJC_IMPLICIT_RETAIN_SELF = YES;
				CLANG_WARN_OBJC_LITERAL_CONVERSION = YES;
				CLANG_WARN_OBJC_ROOT_CLASS = YES_ERROR;
				CLANG_WARN_RANGE_LOOP_ANALYSIS = YES;
				CLANG_WARN_STRICT_PROTOTYPES = YES;
				CLANG_WARN_SUSPICIOUS_MOVE = YES;
				CLANG_WARN_UNGUARDED_AVAILABILITY = YES_AGGRESSIVE;
				CLANG_WARN_UNREACHABLE_CODE = YES;
				CLANG_WARN__DUPLICATE_METHOD_MATCH = YES;
				COPY_PHASE_STRIP = NO;
				DEBUG_INFORMATION_FORMAT = "dwarf-with-dsym";
				ENABLE_NS_ASSERTIONS = NO;
				ENABLE_STRICT_OBJC_MSGSEND = YES;
				GCC_C_LANGUAGE_STANDARD = gnu11;
				GCC_NO_COMMON_BLOCKS = YES;
				GCC_WARN_64_TO_32_BIT_CONVERSION = YES;
				GCC_WARN_ABOUT_RETURN_TYPE = YES_ERROR;
				GCC_WARN_UNDECLARED_SELECTOR = YES;
				GCC_WARN_UNINITIALIZED_AUTOS = YES_AGGRESSIVE;
				GCC_WARN_UNUSED_FUNCTION = YES;
				GCC_WARN_UNUSED_VARIABLE = YES;
				IPHONEOS_DEPLOYMENT_TARGET = 13.2;
				MTL_ENABLE_DEBUG_INFO = NO;
				MTL_FAST_MATH = YES;
				SDKROOT = iphoneos;
				SWIFT_COMPILATION_MODE = wholemodule;
				SWIFT_OPTIMIZATION_LEVEL = "-O";
				VALIDATE_PRODUCT = YES;
			};
			name = Release;
		};
		FCA4410324411A94006AE99E /* Debug */ = {
			isa = XCBuildConfiguration;
			buildSettings = {
				ASSETCATALOG_COMPILER_APPICON_NAME = AppIcon;
				CODE_SIGN_STYLE = Automatic;
				DEVELOPMENT_TEAM = ASK9PBQ6AZ;
				INFOPLIST_FILE = Movies/Info.plist;
				IPHONEOS_DEPLOYMENT_TARGET = 13.2;
				LD_RUNPATH_SEARCH_PATHS = (
					"$(inherited)",
					"@executable_path/Frameworks",
				);
				PRODUCT_BUNDLE_IDENTIFIER = com.LAOM.Movies;
				PRODUCT_NAME = "$(TARGET_NAME)";
				SWIFT_VERSION = 5.0;
				TARGETED_DEVICE_FAMILY = "1,2";
			};
			name = Debug;
		};
		FCA4410424411A94006AE99E /* Release */ = {
			isa = XCBuildConfiguration;
			buildSettings = {
				ASSETCATALOG_COMPILER_APPICON_NAME = AppIcon;
				CODE_SIGN_STYLE = Automatic;
				DEVELOPMENT_TEAM = ASK9PBQ6AZ;
				INFOPLIST_FILE = Movies/Info.plist;
				IPHONEOS_DEPLOYMENT_TARGET = 13.2;
				LD_RUNPATH_SEARCH_PATHS = (
					"$(inherited)",
					"@executable_path/Frameworks",
				);
				PRODUCT_BUNDLE_IDENTIFIER = com.LAOM.Movies;
				PRODUCT_NAME = "$(TARGET_NAME)";
				SWIFT_VERSION = 5.0;
				TARGETED_DEVICE_FAMILY = "1,2";
			};
			name = Release;
		};
/* End XCBuildConfiguration section */

/* Begin XCConfigurationList section */
		FCA440E924411A90006AE99E /* Build configuration list for PBXProject "Movies" */ = {
			isa = XCConfigurationList;
			buildConfigurations = (
				FCA4410024411A94006AE99E /* Debug */,
				FCA4410124411A94006AE99E /* Release */,
			);
			defaultConfigurationIsVisible = 0;
			defaultConfigurationName = Release;
		};
		FCA4410224411A94006AE99E /* Build configuration list for PBXNativeTarget "Movies" */ = {
			isa = XCConfigurationList;
			buildConfigurations = (
				FCA4410324411A94006AE99E /* Debug */,
				FCA4410424411A94006AE99E /* Release */,
			);
			defaultConfigurationIsVisible = 0;
			defaultConfigurationName = Release;
		};
/* End XCConfigurationList section */
	};
	rootObject = FCA440E624411A90006AE99E /* Project object */;
}
